
Microsoft Visual Studio Solution File, Format Version 12.00
# Visual Studio Version 17
VisualStudioVersion = 17.2.32630.192
MinimumVisualStudioVersion = 10.0.40219.1
Project("{FAE04EC0-301F-11D3-BF4B-00C04F79EFBC}") = "GeometryCurrencyApp", "GeometryCurrencyApp\GeometryCurrencyApp.csproj", "{402000D6-6FB0-4F37-9A51-42A816C36605}"
EndProject
Global
	GlobalSection(SolutionConfigurationPlatforms) = preSolution
		Debug|Any CPU = Debug|Any CPU
		Release|Any CPU = Release|Any CPU
	EndGlobalSection
	GlobalSection(ProjectConfigurationPlatforms) = postSolution
		{402000D6-6FB0-4F37-9A51-42A816C36605}.Debug|Any CPU.ActiveCfg = Debug|Any CPU
		{402000D6-6FB0-4F37-9A51-42A816C36605}.Debug|Any CPU.Build.0 = Debug|Any CPU
		{402000D6-6FB0-4F37-9A51-42A816C36605}.Release|Any CPU.ActiveCfg = Release|Any CPU
		{402000D6-6FB0-4F37-9A51-42A816C36605}.Release|Any CPU.Build.0 = Release|Any CPU
	EndGlobalSection
	GlobalSection(SolutionProperties) = preSolution
		HideSolutionNode = FALSE
	EndGlobalSection
	GlobalSection(ExtensibilityGlobals) = postSolution
		SolutionGuid = {60F5CF97-E1F4-4356-A737-9D9202B39DD3}
	EndGlobalSection
EndGlobal
